
Microsoft Visual Studio Solution File, Format Version 12.00
# Visual Studio Version 17
VisualStudioVersion = 17.13.35818.85 d17.13
MinimumVisualStudioVersion = 10.0.40219.1
Project("{FAE04EC0-301F-11D3-BF4B-00C04F79EFBC}") = "metal-komers70", "metal-komers70\metal-komers70.csproj", "{986A5A7A-FCFE-4F71-A57C-C4EB1C394C9A}"
EndProject
Global
	GlobalSection(SolutionConfigurationPlatforms) = preSolution
		Debug|Any CPU = Debug|Any CPU
		Release|Any CPU = Release|Any CPU
	EndGlobalSection
	GlobalSection(ProjectConfigurationPlatforms) = postSolution
		{986A5A7A-FCFE-4F71-A57C-C4EB1C394C9A}.Debug|Any CPU.ActiveCfg = Debug|Any CPU
		{986A5A7A-FCFE-4F71-A57C-C4EB1C394C9A}.Debug|Any CPU.Build.0 = Debug|Any CPU
		{986A5A7A-FCFE-4F71-A57C-C4EB1C394C9A}.Release|Any CPU.ActiveCfg = Release|Any CPU
		{986A5A7A-FCFE-4F71-A57C-C4EB1C394C9A}.Release|Any CPU.Build.0 = Release|Any CPU
	EndGlobalSection
	GlobalSection(SolutionProperties) = preSolution
		HideSolutionNode = FALSE
	EndGlobalSection
	GlobalSection(ExtensibilityGlobals) = postSolution
		SolutionGuid = {D8663B14-F4EE-4991-9FB0-51C5C0450F06}
	EndGlobalSection
EndGlobal
